
Microsoft Visual Studio Solution File, Format Version 12.00
# Visual Studio 14
VisualStudioVersion = 14.0.25420.1
MinimumVisualStudioVersion = 10.0.40219.1
Project("{FAE04EC0-301F-11D3-BF4B-00C04F79EFBC}") = "BooksCatalogManagement.Api", "BooksCatalogManagement.Api\BooksCatalogManagement.Api.csproj", "{1C8B8613-38E8-4B34-8398-936A4E07ACAE}"
EndProject
Project("{FAE04EC0-301F-11D3-BF4B-00C04F79EFBC}") = "BooksCatalogManagement.Gui", "BooksCatalogManagement.Gui\BooksCatalogManagement.Gui.csproj", "{D2A3FCC8-3585-4EFD-BDF3-B560EEC17F42}"
EndProject
Global
	GlobalSection(SolutionConfigurationPlatforms) = preSolution
		Debug|Any CPU = Debug|Any CPU
		Release|Any CPU = Release|Any CPU
	EndGlobalSection
	GlobalSection(ProjectConfigurationPlatforms) = postSolution
		{1C8B8613-38E8-4B34-8398-936A4E07ACAE}.Debug|Any CPU.ActiveCfg = Debug|Any CPU
		{1C8B8613-38E8-4B34-8398-936A4E07ACAE}.Debug|Any CPU.Build.0 = Debug|Any CPU
		{1C8B8613-38E8-4B34-8398-936A4E07ACAE}.Release|Any CPU.ActiveCfg = Release|Any CPU
		{1C8B8613-38E8-4B34-8398-936A4E07ACAE}.Release|Any CPU.Build.0 = Release|Any CPU
		{D2A3FCC8-3585-4EFD-BDF3-B560EEC17F42}.Debug|Any CPU.ActiveCfg = Debug|Any CPU
		{D2A3FCC8-3585-4EFD-BDF3-B560EEC17F42}.Debug|Any CPU.Build.0 = Debug|Any CPU
		{D2A3FCC8-3585-4EFD-BDF3-B560EEC17F42}.Release|Any CPU.ActiveCfg = Release|Any CPU
		{D2A3FCC8-3585-4EFD-BDF3-B560EEC17F42}.Release|Any CPU.Build.0 = Release|Any CPU
	EndGlobalSection
	GlobalSection(SolutionProperties) = preSolution
		HideSolutionNode = FALSE
	EndGlobalSection
EndGlobal
